{
  "version": 4,
  "terraform_version": "1.6.3",
  "serial": 24,
  "lineage": "1f0de482-d2f4-7497-d5b6-2a34a166eb9e",
  "outputs": {
    "Ansible-Install_dbserver-PublicIP": {
      "value": "3.86.67.84",
      "type": "string"
    }
  },
  "resources": [
    {
      "mode": "data",
      "type": "aws_ssm_parameter",
      "name": "webserver-ami",
      "provider": "provider[\"registry.terraform.io/hashicorp/aws\"]",
      "instances": [
        {
          "schema_version": 0,
          "attributes": {
            "arn": "arn:aws:ssm:us-east-1::parameter/aws/service/ami-amazon-linux-latest/amzn2-ami-hvm-x86_64-gp2",
            "id": "/aws/service/ami-amazon-linux-latest/amzn2-ami-hvm-x86_64-gp2",
            "name": "/aws/service/ami-amazon-linux-latest/amzn2-ami-hvm-x86_64-gp2",
            "type": "String",
            "value": "ami-0588935a949f9ff17",
            "version": 102,
            "with_decryption": true
          },
          "sensitive_attributes": []
        }
      ]
    },
    {
      "mode": "managed",
      "type": "aws_instance",
      "name": "example",
      "provider": "provider[\"registry.terraform.io/hashicorp/aws\"]",
      "instances": [
        {
          "schema_version": 1,
          "attributes": {
            "ami": "ami-0588935a949f9ff17",
            "arn": "arn:aws:ec2:us-east-1:107540691837:instance/i-0c483192b3c104a8f",
            "associate_public_ip_address": true,
            "availability_zone": "us-east-1b",
            "capacity_reservation_specification": [
              {
                "capacity_reservation_preference": "open",
                "capacity_reservation_target": []
              }
            ],
            "cpu_core_count": 1,
            "cpu_options": [
              {
                "amd_sev_snp": "",
                "core_count": 1,
                "threads_per_core": 1
              }
            ],
            "cpu_threads_per_core": 1,
            "credit_specification": [
              {
                "cpu_credits": "standard"
              }
            ],
            "disable_api_stop": false,
            "disable_api_termination": false,
            "ebs_block_device": [],
            "ebs_optimized": false,
            "enclave_options": [
              {
                "enabled": false
              }
            ],
            "ephemeral_block_device": [],
            "get_password_data": false,
            "hibernation": false,
            "host_id": "",
            "host_resource_group_arn": null,
            "iam_instance_profile": "",
            "id": "i-0c483192b3c104a8f",
            "instance_initiated_shutdown_behavior": "stop",
            "instance_state": "running",
            "instance_type": "t2.micro",
            "ipv6_address_count": 0,
            "ipv6_addresses": [],
            "key_name": "ansible-db",
            "launch_template": [],
            "maintenance_options": [
              {
                "auto_recovery": "default"
              }
            ],
            "metadata_options": [
              {
                "http_endpoint": "enabled",
                "http_put_response_hop_limit": 1,
                "http_tokens": "optional",
                "instance_metadata_tags": "disabled"
              }
            ],
            "monitoring": false,
            "network_interface": [],
            "outpost_arn": "",
            "password_data": "",
            "placement_group": "",
            "placement_partition_number": 0,
            "primary_network_interface_id": "eni-00f05f956af72d53e",
            "private_dns": "ip-172-31-39-193.ec2.internal",
            "private_dns_name_options": [
              {
                "enable_resource_name_dns_a_record": false,
                "enable_resource_name_dns_aaaa_record": false,
                "hostname_type": "ip-name"
              }
            ],
            "private_ip": "172.31.39.193",
            "public_dns": "ec2-3-86-67-84.compute-1.amazonaws.com",
            "public_ip": "3.86.67.84",
            "root_block_device": [
              {
                "delete_on_termination": true,
                "device_name": "/dev/xvda",
                "encrypted": false,
                "iops": 100,
                "kms_key_id": "",
                "tags": {},
                "throughput": 0,
                "volume_id": "vol-024a3bb9d5eca03f0",
                "volume_size": 8,
                "volume_type": "gp2"
              }
            ],
            "secondary_private_ips": [],
            "security_groups": [
              "ansible-security-group"
            ],
            "source_dest_check": true,
            "subnet_id": "subnet-0aace9b03a74714f2",
            "tags": {
              "Name": "ansible_install_mariadb"
            },
            "tags_all": {
              "Name": "ansible_install_mariadb"
            },
            "tenancy": "default",
            "timeouts": null,
            "user_data": null,
            "user_data_base64": null,
            "user_data_replace_on_change": false,
            "volume_tags": null,
            "vpc_security_group_ids": [
              "sg-0e1a35f7b17f93cc7"
            ]
          },
          "sensitive_attributes": [
            [
              {
                "type": "get_attr",
                "value": "ami"
              }
            ]
          ],
          "private": "eyJlMmJmYjczMC1lY2FhLTExZTYtOGY4OC0zNDM2M2JjN2M0YzAiOnsiY3JlYXRlIjo2MDAwMDAwMDAwMDAsImRlbGV0ZSI6MTIwMDAwMDAwMDAwMCwidXBkYXRlIjo2MDAwMDAwMDAwMDB9LCJzY2hlbWFfdmVyc2lvbiI6IjEifQ==",
          "dependencies": [
            "aws_key_pair.aws-key",
            "aws_security_group.instance",
            "data.aws_ssm_parameter.webserver-ami"
          ]
        }
      ]
    },
    {
      "mode": "managed",
      "type": "aws_key_pair",
      "name": "aws-key",
      "provider": "provider[\"registry.terraform.io/hashicorp/aws\"]",
      "instances": [
        {
          "schema_version": 1,
          "attributes": {
            "arn": "arn:aws:ec2:us-east-1:107540691837:key-pair/ansible-db",
            "fingerprint": "df:ef:12:98:4e:83:54:a5:cd:26:82:c5:94:66:d8:8e",
            "id": "ansible-db",
            "key_name": "ansible-db",
            "key_name_prefix": "",
            "key_pair_id": "key-02f86e22d669dfa44",
            "key_type": "rsa",
            "public_key": "ssh-rsa AAAAB3NzaC1yc2EAAAADAQABAAABgQDAtXq3zxVaqMsFtkvhKC/YLntt+VJowy5rGEPt6KOGQ+JbPSZB+49SehzLg1Risx66pLiW8DUCc6/mcnhvyJ4qhW/YaQQdVU1w4B2AuqxGwBBWqRBav82a2BxRGrNZ6WoGCBu2nnsET90WEnYB/zFlTP4RIc1z7MfMFDEK1TZBdt33enwrMT8DB97v/k3+uOyh4S6JYsHSbYLgzOGLXi0nyskbQ64+8pPgwyOVSilnRiqMS/WCD/OJ3YFa8+EgPJGQRcVYidl/7ejDlLQ7ZWZyFwB7XQDrIRqcPk08MOYfbSpUK3NliByoSQaEn0sPSb/dSxMQIcR+pNtNlLkFyIrkkWAUjp4IpisKqeVVmAn3MaZFP+CFlajkXjAWn8pc36LRYAlsfAuW2OicCrh8NDFdwErDDZ9alsoo6L9aU9hi5w2nUJ+CoS9SdeP1WLVk3ZNWIshXMC+rCZoo/HP2JtxmVkLvZtb61+kkrJEVRexuMFnP9M0mSUzUCdAs2AMFEv8= soumy@DESKTOP-PML9O5I",
            "tags": {},
            "tags_all": {}
          },
          "sensitive_attributes": [],
          "private": "eyJzY2hlbWFfdmVyc2lvbiI6IjEifQ=="
        }
      ]
    },
    {
      "mode": "managed",
      "type": "aws_security_group",
      "name": "instance",
      "provider": "provider[\"registry.terraform.io/hashicorp/aws\"]",
      "instances": [
        {
          "schema_version": 1,
          "attributes": {
            "arn": "arn:aws:ec2:us-east-1:107540691837:security-group/sg-0e1a35f7b17f93cc7",
            "description": "Managed by Terraform",
            "egress": [
              {
                "cidr_blocks": [
                  "0.0.0.0/0"
                ],
                "description": "",
                "from_port": 0,
                "ipv6_cidr_blocks": [],
                "prefix_list_ids": [],
                "protocol": "-1",
                "security_groups": [],
                "self": false,
                "to_port": 0
              }
            ],
            "id": "sg-0e1a35f7b17f93cc7",
            "ingress": [
              {
                "cidr_blocks": [
                  "0.0.0.0/0"
                ],
                "description": "Allow HTTP traffic",
                "from_port": 80,
                "ipv6_cidr_blocks": [],
                "prefix_list_ids": [],
                "protocol": "tcp",
                "security_groups": [],
                "self": false,
                "to_port": 80
              },
              {
                "cidr_blocks": [
                  "0.0.0.0/0"
                ],
                "description": "Allow MariaDB connections",
                "from_port": 3306,
                "ipv6_cidr_blocks": [],
                "prefix_list_ids": [],
                "protocol": "tcp",
                "security_groups": [],
                "self": false,
                "to_port": 3306
              },
              {
                "cidr_blocks": [
                  "0.0.0.0/0"
                ],
                "description": "Allow SSH traffic",
                "from_port": 22,
                "ipv6_cidr_blocks": [],
                "prefix_list_ids": [],
                "protocol": "tcp",
                "security_groups": [],
                "self": false,
                "to_port": 22
              }
            ],
            "name": "ansible-security-group",
            "name_prefix": "",
            "owner_id": "107540691837",
            "revoke_rules_on_delete": false,
            "tags": null,
            "tags_all": {},
            "timeouts": null,
            "vpc_id": "vpc-08456ed40db803048"
          },
          "sensitive_attributes": [],
          "private": "eyJlMmJmYjczMC1lY2FhLTExZTYtOGY4OC0zNDM2M2JjN2M0YzAiOnsiY3JlYXRlIjo2MDAwMDAwMDAwMDAsImRlbGV0ZSI6OTAwMDAwMDAwMDAwfSwic2NoZW1hX3ZlcnNpb24iOiIxIn0="
        }
      ]
    }
  ],
  "check_results": null
}
