{
  "version": 4,
  "terraform_version": "1.6.3",
  "serial": 21,
  "lineage": "1f0de482-d2f4-7497-d5b6-2a34a166eb9e",
  "outputs": {},
  "resources": [
    {
      "mode": "data",
      "type": "aws_ssm_parameter",
      "name": "webserver-ami",
      "provider": "provider[\"registry.terraform.io/hashicorp/aws\"]",
      "instances": [
        {
          "schema_version": 0,
          "attributes": {
            "arn": "arn:aws:ssm:us-east-1::parameter/aws/service/ami-amazon-linux-latest/amzn2-ami-hvm-x86_64-gp2",
            "id": "/aws/service/ami-amazon-linux-latest/amzn2-ami-hvm-x86_64-gp2",
            "name": "/aws/service/ami-amazon-linux-latest/amzn2-ami-hvm-x86_64-gp2",
            "type": "String",
            "value": "ami-0588935a949f9ff17",
            "version": 102,
            "with_decryption": true
          },
          "sensitive_attributes": []
        }
      ]
    },
    {
      "mode": "managed",
      "type": "aws_key_pair",
      "name": "aws-key",
      "provider": "provider[\"registry.terraform.io/hashicorp/aws\"]",
      "instances": [
        {
          "schema_version": 1,
          "attributes": {
            "arn": "arn:aws:ec2:us-east-1:107540691837:key-pair/ansible-db",
            "fingerprint": "df:ef:12:98:4e:83:54:a5:cd:26:82:c5:94:66:d8:8e",
            "id": "ansible-db",
            "key_name": "ansible-db",
            "key_name_prefix": "",
            "key_pair_id": "key-02f86e22d669dfa44",
            "key_type": "rsa",
            "public_key": "ssh-rsa AAAAB3NzaC1yc2EAAAADAQABAAABgQDAtXq3zxVaqMsFtkvhKC/YLntt+VJowy5rGEPt6KOGQ+JbPSZB+49SehzLg1Risx66pLiW8DUCc6/mcnhvyJ4qhW/YaQQdVU1w4B2AuqxGwBBWqRBav82a2BxRGrNZ6WoGCBu2nnsET90WEnYB/zFlTP4RIc1z7MfMFDEK1TZBdt33enwrMT8DB97v/k3+uOyh4S6JYsHSbYLgzOGLXi0nyskbQ64+8pPgwyOVSilnRiqMS/WCD/OJ3YFa8+EgPJGQRcVYidl/7ejDlLQ7ZWZyFwB7XQDrIRqcPk08MOYfbSpUK3NliByoSQaEn0sPSb/dSxMQIcR+pNtNlLkFyIrkkWAUjp4IpisKqeVVmAn3MaZFP+CFlajkXjAWn8pc36LRYAlsfAuW2OicCrh8NDFdwErDDZ9alsoo6L9aU9hi5w2nUJ+CoS9SdeP1WLVk3ZNWIshXMC+rCZoo/HP2JtxmVkLvZtb61+kkrJEVRexuMFnP9M0mSUzUCdAs2AMFEv8= soumy@DESKTOP-PML9O5I",
            "tags": {},
            "tags_all": {}
          },
          "sensitive_attributes": [],
          "private": "eyJzY2hlbWFfdmVyc2lvbiI6IjEifQ=="
        }
      ]
    }
  ],
  "check_results": null
}
